// !$*UTF8*$!
{
	archiveVersion = 1;
	classes = {
	};
	objectVersion = 56;
	objects = {

/* Begin PBXBuildFile section */
		A400D39029C507B6006CD855 /* ProfileUserCell.swift in Sources */ = {isa = PBXBuildFile; fileRef = A400D38F29C507B6006CD855 /* ProfileUserCell.swift */; };
		A400D39229C507D0006CD855 /* ProfileUploadItemCell.swift in Sources */ = {isa = PBXBuildFile; fileRef = A400D39129C507D0006CD855 /* ProfileUploadItemCell.swift */; };
		A400D39429C65A60006CD855 /* ProfileUserCellModel.swift in Sources */ = {isa = PBXBuildFile; fileRef = A400D39329C65A60006CD855 /* ProfileUserCellModel.swift */; };
		A400D39A29C74468006CD855 /* ImageManager.swift in Sources */ = {isa = PBXBuildFile; fileRef = A400D39929C74468006CD855 /* ImageManager.swift */; };
		A400D39C29C75BFE006CD855 /* FlashSaleDetailsViewController.swift in Sources */ = {isa = PBXBuildFile; fileRef = A400D39B29C75BFE006CD855 /* FlashSaleDetailsViewController.swift */; };
		A400D39F29C75C1F006CD855 /* FlashSaleDetailsViewModel.swift in Sources */ = {isa = PBXBuildFile; fileRef = A400D39E29C75C1F006CD855 /* FlashSaleDetailsViewModel.swift */; };
		A400D3A129C77DE8006CD855 /* FavouriteShareView.swift in Sources */ = {isa = PBXBuildFile; fileRef = A400D3A029C77DE8006CD855 /* FavouriteShareView.swift */; };
		A400D3A429C78F55006CD855 /* AddToCartView.swift in Sources */ = {isa = PBXBuildFile; fileRef = A400D3A329C78F55006CD855 /* AddToCartView.swift */; };
		A400D3A629C79248006CD855 /* AddToCartButton.swift in Sources */ = {isa = PBXBuildFile; fileRef = A400D3A529C79248006CD855 /* AddToCartButton.swift */; };
		A400D3A829C7AD2A006CD855 /* FlashSaleDetailsModel.swift in Sources */ = {isa = PBXBuildFile; fileRef = A400D3A729C7AD2A006CD855 /* FlashSaleDetailsModel.swift */; };
		A412F89129C8E242008C3457 /* FlashSaleSection.swift in Sources */ = {isa = PBXBuildFile; fileRef = A412F89029C8E242008C3457 /* FlashSaleSection.swift */; };
		A416BA7629C08083009CC4E7 /* UITextField + Extensions.swift in Sources */ = {isa = PBXBuildFile; fileRef = A416BA7529C08083009CC4E7 /* UITextField + Extensions.swift */; };
		A416BA9D29C08921009CC4E7 /* UIFont + Extensions.swift in Sources */ = {isa = PBXBuildFile; fileRef = A416BA9C29C08921009CC4E7 /* UIFont + Extensions.swift */; };
		A416BAA129C097AB009CC4E7 /* Constants.swift in Sources */ = {isa = PBXBuildFile; fileRef = A416BAA029C097AB009CC4E7 /* Constants.swift */; };
		A416BAA329C09AEE009CC4E7 /* User.swift in Sources */ = {isa = PBXBuildFile; fileRef = A416BAA229C09AEE009CC4E7 /* User.swift */; };
		A446A0A629C43BC90022B8F6 /* UserDefaultsManager.swift in Sources */ = {isa = PBXBuildFile; fileRef = A446A0A529C43BC90022B8F6 /* UserDefaultsManager.swift */; };
		A446A0A829C45B9E0022B8F6 /* AuthCoordinator.swift in Sources */ = {isa = PBXBuildFile; fileRef = A446A0A729C45B9E0022B8F6 /* AuthCoordinator.swift */; };
		A446A0AA29C45BAA0022B8F6 /* MainCoordinator.swift in Sources */ = {isa = PBXBuildFile; fileRef = A446A0A929C45BAA0022B8F6 /* MainCoordinator.swift */; };
		A446A0AC29C47BFE0022B8F6 /* HomeCoordinator.swift in Sources */ = {isa = PBXBuildFile; fileRef = A446A0AB29C47BFE0022B8F6 /* HomeCoordinator.swift */; };
		A446A0AE29C47C050022B8F6 /* ProfileCoordinator.swift in Sources */ = {isa = PBXBuildFile; fileRef = A446A0AD29C47C050022B8F6 /* ProfileCoordinator.swift */; };
		A459BD7529BF8DB000DF9B5C /* AppDelegate.swift in Sources */ = {isa = PBXBuildFile; fileRef = A459BD7429BF8DB000DF9B5C /* AppDelegate.swift */; };
		A459BD7729BF8DB000DF9B5C /* SceneDelegate.swift in Sources */ = {isa = PBXBuildFile; fileRef = A459BD7629BF8DB000DF9B5C /* SceneDelegate.swift */; };
		A459BD7929BF8DB000DF9B5C /* RegistrationViewController.swift in Sources */ = {isa = PBXBuildFile; fileRef = A459BD7829BF8DB000DF9B5C /* RegistrationViewController.swift */; };
		A459BD7E29BF8DB100DF9B5C /* Assets.xcassets in Resources */ = {isa = PBXBuildFile; fileRef = A459BD7D29BF8DB100DF9B5C /* Assets.xcassets */; };
		A459BD8129BF8DB100DF9B5C /* LaunchScreen.storyboard in Resources */ = {isa = PBXBuildFile; fileRef = A459BD7F29BF8DB100DF9B5C /* LaunchScreen.storyboard */; };
		A459BD8B29BF8E5A00DF9B5C /* RegistrationViewModel.swift in Sources */ = {isa = PBXBuildFile; fileRef = A459BD8A29BF8E5A00DF9B5C /* RegistrationViewModel.swift */; };
		A459BD8D29BF92AC00DF9B5C /* UIView + Extensions.swift in Sources */ = {isa = PBXBuildFile; fileRef = A459BD8C29BF92AC00DF9B5C /* UIView + Extensions.swift */; };
		A459BD9529BFA31600DF9B5C /* UIColor + Extensions.swift in Sources */ = {isa = PBXBuildFile; fileRef = A459BD9429BFA31600DF9B5C /* UIColor + Extensions.swift */; };
		A459BD9C29BFA9D800DF9B5C /* LoginViewController.swift in Sources */ = {isa = PBXBuildFile; fileRef = A459BD9B29BFA9D800DF9B5C /* LoginViewController.swift */; };
		A459BD9E29BFA9E000DF9B5C /* LoginViewModel.swift in Sources */ = {isa = PBXBuildFile; fileRef = A459BD9D29BFA9E000DF9B5C /* LoginViewModel.swift */; };
		A45BAB6D29C233D500DC27CE /* NetworkManager.swift in Sources */ = {isa = PBXBuildFile; fileRef = A45BAB6C29C233D500DC27CE /* NetworkManager.swift */; };
		A45BAB7029C2381100DC27CE /* LatestModel.swift in Sources */ = {isa = PBXBuildFile; fileRef = A45BAB6F29C2381100DC27CE /* LatestModel.swift */; };
		A45BAB7229C2381E00DC27CE /* FlashSaleModel.swift in Sources */ = {isa = PBXBuildFile; fileRef = A45BAB7129C2381E00DC27CE /* FlashSaleModel.swift */; };
		A45BAB7429C24A0600DC27CE /* CategoryCell.swift in Sources */ = {isa = PBXBuildFile; fileRef = A45BAB7329C24A0600DC27CE /* CategoryCell.swift */; };
		A45BAB7729C24A1900DC27CE /* LatestCell.swift in Sources */ = {isa = PBXBuildFile; fileRef = A45BAB7629C24A1900DC27CE /* LatestCell.swift */; };
		A45BAB7929C24A2200DC27CE /* FlashSaleCell.swift in Sources */ = {isa = PBXBuildFile; fileRef = A45BAB7829C24A2200DC27CE /* FlashSaleCell.swift */; };
		A45BAB7B29C24A2A00DC27CE /* BrandCell.swift in Sources */ = {isa = PBXBuildFile; fileRef = A45BAB7A29C24A2A00DC27CE /* BrandCell.swift */; };
		A45BAB7D29C24A5400DC27CE /* HeaderSupplementaryView.swift in Sources */ = {isa = PBXBuildFile; fileRef = A45BAB7C29C24A5400DC27CE /* HeaderSupplementaryView.swift */; };
		A45BAB7F29C24CF200DC27CE /* CategoryCellModel.swift in Sources */ = {isa = PBXBuildFile; fileRef = A45BAB7E29C24CF200DC27CE /* CategoryCellModel.swift */; };
		A45BAB8229C24DB300DC27CE /* BrandCellModel.swift in Sources */ = {isa = PBXBuildFile; fileRef = A45BAB8129C24DB300DC27CE /* BrandCellModel.swift */; };
		A46561BE29C0DF130076D86B /* ProfileCell.swift in Sources */ = {isa = PBXBuildFile; fileRef = A46561BD29C0DF130076D86B /* ProfileCell.swift */; };
		A46561C929C0E0CA0076D86B /* Montserrat-Light.ttf in Resources */ = {isa = PBXBuildFile; fileRef = A46561C429C0E0CA0076D86B /* Montserrat-Light.ttf */; };
		A46561CA29C0E0CA0076D86B /* Montserrat-Regular.ttf in Resources */ = {isa = PBXBuildFile; fileRef = A46561C529C0E0CA0076D86B /* Montserrat-Regular.ttf */; };
		A46561CB29C0E0CA0076D86B /* Montserrat-Bold.ttf in Resources */ = {isa = PBXBuildFile; fileRef = A46561C629C0E0CA0076D86B /* Montserrat-Bold.ttf */; };
		A46561CC29C0E0CA0076D86B /* Montserrat-Medium.ttf in Resources */ = {isa = PBXBuildFile; fileRef = A46561C729C0E0CA0076D86B /* Montserrat-Medium.ttf */; };
		A46561CD29C0E0CA0076D86B /* Montserrat-SemiBold.ttf in Resources */ = {isa = PBXBuildFile; fileRef = A46561C829C0E0CA0076D86B /* Montserrat-SemiBold.ttf */; };
		A46561CF29C0FC8A0076D86B /* ProfileCellModel.swift in Sources */ = {isa = PBXBuildFile; fileRef = A46561CE29C0FC8A0076D86B /* ProfileCellModel.swift */; };
		A46C476529CC61590071DFCA /* UISearchBar + Extensions.swift in Sources */ = {isa = PBXBuildFile; fileRef = A46C476429CC61590071DFCA /* UISearchBar + Extensions.swift */; };
		A47C9C3F29C0A763001B15E8 /* UINavigationController + Extensions.swift in Sources */ = {isa = PBXBuildFile; fileRef = A47C9C3E29C0A763001B15E8 /* UINavigationController + Extensions.swift */; };
		A47C9C4129C0A98F001B15E8 /* MainTabBarController.swift in Sources */ = {isa = PBXBuildFile; fileRef = A47C9C4029C0A98F001B15E8 /* MainTabBarController.swift */; };
		A47C9C4429C0ABEF001B15E8 /* HomeViewController.swift in Sources */ = {isa = PBXBuildFile; fileRef = A47C9C4329C0ABEF001B15E8 /* HomeViewController.swift */; };
		A47C9C4729C0AC0B001B15E8 /* HomeViewModel.swift in Sources */ = {isa = PBXBuildFile; fileRef = A47C9C4629C0AC0B001B15E8 /* HomeViewModel.swift */; };
		A47C9C4A29C0AC25001B15E8 /* ProfileViewController.swift in Sources */ = {isa = PBXBuildFile; fileRef = A47C9C4929C0AC25001B15E8 /* ProfileViewController.swift */; };
		A47C9C4C29C0AC2F001B15E8 /* ProfileViewModel.swift in Sources */ = {isa = PBXBuildFile; fileRef = A47C9C4B29C0AC2F001B15E8 /* ProfileViewModel.swift */; };
		A4AF0A6929CA336800D41B3B /* DetailsLargeCell.swift in Sources */ = {isa = PBXBuildFile; fileRef = A4AF0A6829CA336800D41B3B /* DetailsLargeCell.swift */; };
		A4D2CC7B29C39C6900FAEBC2 /* AppCoordinator.swift in Sources */ = {isa = PBXBuildFile; fileRef = A4D2CC7A29C39C6900FAEBC2 /* AppCoordinator.swift */; };
		A4DF15BD29C9C81200792628 /* DetailsSmallCell.swift in Sources */ = {isa = PBXBuildFile; fileRef = A4DF15BC29C9C81200792628 /* DetailsSmallCell.swift */; };
		A4E80FDA29C2FA65000607B3 /* HomeSection.swift in Sources */ = {isa = PBXBuildFile; fileRef = A4E80FD929C2FA65000607B3 /* HomeSection.swift */; };
		A4E80FDC29C329A3000607B3 /* UITabBar + Extensions.swift in Sources */ = {isa = PBXBuildFile; fileRef = A4E80FDB29C329A3000607B3 /* UITabBar + Extensions.swift */; };
		A4F8C59E29CB80E0006B8A8B /* ResultsTableViewController.swift in Sources */ = {isa = PBXBuildFile; fileRef = A4F8C59D29CB80E0006B8A8B /* ResultsTableViewController.swift */; };
		A4F8C5A029CB8459006B8A8B /* SearchWords.swift in Sources */ = {isa = PBXBuildFile; fileRef = A4F8C59F29CB8459006B8A8B /* SearchWords.swift */; };
/* End PBXBuildFile section */

/* Begin PBXFileReference section */
		A400D38F29C507B6006CD855 /* ProfileUserCell.swift */ = {isa = PBXFileReference; lastKnownFileType = sourcecode.swift; path = ProfileUserCell.swift; sourceTree = "<group>"; };
		A400D39129C507D0006CD855 /* ProfileUploadItemCell.swift */ = {isa = PBXFileReference; lastKnownFileType = sourcecode.swift; path = ProfileUploadItemCell.swift; sourceTree = "<group>"; };
		A400D39329C65A60006CD855 /* ProfileUserCellModel.swift */ = {isa = PBXFileReference; lastKnownFileType = sourcecode.swift; path = ProfileUserCellModel.swift; sourceTree = "<group>"; };
		A400D39929C74468006CD855 /* ImageManager.swift */ = {isa = PBXFileReference; lastKnownFileType = sourcecode.swift; path = ImageManager.swift; sourceTree = "<group>"; };
		A400D39B29C75BFE006CD855 /* FlashSaleDetailsViewController.swift */ = {isa = PBXFileReference; lastKnownFileType = sourcecode.swift; path = FlashSaleDetailsViewController.swift; sourceTree = "<group>"; };
		A400D39E29C75C1F006CD855 /* FlashSaleDetailsViewModel.swift */ = {isa = PBXFileReference; lastKnownFileType = sourcecode.swift; path = FlashSaleDetailsViewModel.swift; sourceTree = "<group>"; };
		A400D3A029C77DE8006CD855 /* FavouriteShareView.swift */ = {isa = PBXFileReference; lastKnownFileType = sourcecode.swift; path = FavouriteShareView.swift; sourceTree = "<group>"; };
		A400D3A329C78F55006CD855 /* AddToCartView.swift */ = {isa = PBXFileReference; lastKnownFileType = sourcecode.swift; path = AddToCartView.swift; sourceTree = "<group>"; };
		A400D3A529C79248006CD855 /* AddToCartButton.swift */ = {isa = PBXFileReference; lastKnownFileType = sourcecode.swift; path = AddToCartButton.swift; sourceTree = "<group>"; };
		A400D3A729C7AD2A006CD855 /* FlashSaleDetailsModel.swift */ = {isa = PBXFileReference; lastKnownFileType = sourcecode.swift; path = FlashSaleDetailsModel.swift; sourceTree = "<group>"; };
		A412F89029C8E242008C3457 /* FlashSaleSection.swift */ = {isa = PBXFileReference; lastKnownFileType = sourcecode.swift; path = FlashSaleSection.swift; sourceTree = "<group>"; };
		A416BA7529C08083009CC4E7 /* UITextField + Extensions.swift */ = {isa = PBXFileReference; lastKnownFileType = sourcecode.swift; path = "UITextField + Extensions.swift"; sourceTree = "<group>"; };
		A416BA9C29C08921009CC4E7 /* UIFont + Extensions.swift */ = {isa = PBXFileReference; lastKnownFileType = sourcecode.swift; path = "UIFont + Extensions.swift"; sourceTree = "<group>"; };
		A416BAA029C097AB009CC4E7 /* Constants.swift */ = {isa = PBXFileReference; lastKnownFileType = sourcecode.swift; path = Constants.swift; sourceTree = "<group>"; };
		A416BAA229C09AEE009CC4E7 /* User.swift */ = {isa = PBXFileReference; lastKnownFileType = sourcecode.swift; path = User.swift; sourceTree = "<group>"; };
		A446A0A529C43BC90022B8F6 /* UserDefaultsManager.swift */ = {isa = PBXFileReference; lastKnownFileType = sourcecode.swift; path = UserDefaultsManager.swift; sourceTree = "<group>"; };
		A446A0A729C45B9E0022B8F6 /* AuthCoordinator.swift */ = {isa = PBXFileReference; lastKnownFileType = sourcecode.swift; path = AuthCoordinator.swift; sourceTree = "<group>"; };
		A446A0A929C45BAA0022B8F6 /* MainCoordinator.swift */ = {isa = PBXFileReference; lastKnownFileType = sourcecode.swift; path = MainCoordinator.swift; sourceTree = "<group>"; };
		A446A0AB29C47BFE0022B8F6 /* HomeCoordinator.swift */ = {isa = PBXFileReference; lastKnownFileType = sourcecode.swift; path = HomeCoordinator.swift; sourceTree = "<group>"; };
		A446A0AD29C47C050022B8F6 /* ProfileCoordinator.swift */ = {isa = PBXFileReference; lastKnownFileType = sourcecode.swift; path = ProfileCoordinator.swift; sourceTree = "<group>"; };
		A459BD7129BF8DB000DF9B5C /* TechTaskOnlineShop.app */ = {isa = PBXFileReference; explicitFileType = wrapper.application; includeInIndex = 0; path = TechTaskOnlineShop.app; sourceTree = BUILT_PRODUCTS_DIR; };
		A459BD7429BF8DB000DF9B5C /* AppDelegate.swift */ = {isa = PBXFileReference; lastKnownFileType = sourcecode.swift; path = AppDelegate.swift; sourceTree = "<group>"; };
		A459BD7629BF8DB000DF9B5C /* SceneDelegate.swift */ = {isa = PBXFileReference; lastKnownFileType = sourcecode.swift; path = SceneDelegate.swift; sourceTree = "<group>"; };
		A459BD7829BF8DB000DF9B5C /* RegistrationViewController.swift */ = {isa = PBXFileReference; lastKnownFileType = sourcecode.swift; path = RegistrationViewController.swift; sourceTree = "<group>"; };
		A459BD7D29BF8DB100DF9B5C /* Assets.xcassets */ = {isa = PBXFileReference; lastKnownFileType = folder.assetcatalog; path = Assets.xcassets; sourceTree = "<group>"; };
		A459BD8029BF8DB100DF9B5C /* Base */ = {isa = PBXFileReference; lastKnownFileType = file.storyboard; name = Base; path = Base.lproj/LaunchScreen.storyboard; sourceTree = "<group>"; };
		A459BD8229BF8DB100DF9B5C /* Info.plist */ = {isa = PBXFileReference; lastKnownFileType = text.plist.xml; path = Info.plist; sourceTree = "<group>"; };
		A459BD8A29BF8E5A00DF9B5C /* RegistrationViewModel.swift */ = {isa = PBXFileReference; lastKnownFileType = sourcecode.swift; path = RegistrationViewModel.swift; sourceTree = "<group>"; };
		A459BD8C29BF92AC00DF9B5C /* UIView + Extensions.swift */ = {isa = PBXFileReference; lastKnownFileType = sourcecode.swift; path = "UIView + Extensions.swift"; sourceTree = "<group>"; };
		A459BD9429BFA31600DF9B5C /* UIColor + Extensions.swift */ = {isa = PBXFileReference; lastKnownFileType = sourcecode.swift; path = "UIColor + Extensions.swift"; sourceTree = "<group>"; };
		A459BD9B29BFA9D800DF9B5C /* LoginViewController.swift */ = {isa = PBXFileReference; lastKnownFileType = sourcecode.swift; path = LoginViewController.swift; sourceTree = "<group>"; };
		A459BD9D29BFA9E000DF9B5C /* LoginViewModel.swift */ = {isa = PBXFileReference; lastKnownFileType = sourcecode.swift; path = LoginViewModel.swift; sourceTree = "<group>"; };
		A45BAB6C29C233D500DC27CE /* NetworkManager.swift */ = {isa = PBXFileReference; lastKnownFileType = sourcecode.swift; path = NetworkManager.swift; sourceTree = "<group>"; };
		A45BAB6F29C2381100DC27CE /* LatestModel.swift */ = {isa = PBXFileReference; lastKnownFileType = sourcecode.swift; path = LatestModel.swift; sourceTree = "<group>"; };
		A45BAB7129C2381E00DC27CE /* FlashSaleModel.swift */ = {isa = PBXFileReference; lastKnownFileType = sourcecode.swift; path = FlashSaleModel.swift; sourceTree = "<group>"; };
		A45BAB7329C24A0600DC27CE /* CategoryCell.swift */ = {isa = PBXFileReference; lastKnownFileType = sourcecode.swift; path = CategoryCell.swift; sourceTree = "<group>"; };
		A45BAB7629C24A1900DC27CE /* LatestCell.swift */ = {isa = PBXFileReference; lastKnownFileType = sourcecode.swift; path = LatestCell.swift; sourceTree = "<group>"; };
		A45BAB7829C24A2200DC27CE /* FlashSaleCell.swift */ = {isa = PBXFileReference; lastKnownFileType = sourcecode.swift; path = FlashSaleCell.swift; sourceTree = "<group>"; };
		A45BAB7A29C24A2A00DC27CE /* BrandCell.swift */ = {isa = PBXFileReference; lastKnownFileType = sourcecode.swift; path = BrandCell.swift; sourceTree = "<group>"; };
		A45BAB7C29C24A5400DC27CE /* HeaderSupplementaryView.swift */ = {isa = PBXFileReference; lastKnownFileType = sourcecode.swift; path = HeaderSupplementaryView.swift; sourceTree = "<group>"; };
		A45BAB7E29C24CF200DC27CE /* CategoryCellModel.swift */ = {isa = PBXFileReference; lastKnownFileType = sourcecode.swift; path = CategoryCellModel.swift; sourceTree = "<group>"; };
		A45BAB8129C24DB300DC27CE /* BrandCellModel.swift */ = {isa = PBXFileReference; lastKnownFileType = sourcecode.swift; path = BrandCellModel.swift; sourceTree = "<group>"; };
		A46561BD29C0DF130076D86B /* ProfileCell.swift */ = {isa = PBXFileReference; lastKnownFileType = sourcecode.swift; path = ProfileCell.swift; sourceTree = "<group>"; };
		A46561C429C0E0CA0076D86B /* Montserrat-Light.ttf */ = {isa = PBXFileReference; lastKnownFileType = file; path = "Montserrat-Light.ttf"; sourceTree = "<group>"; };
		A46561C529C0E0CA0076D86B /* Montserrat-Regular.ttf */ = {isa = PBXFileReference; lastKnownFileType = file; path = "Montserrat-Regular.ttf"; sourceTree = "<group>"; };
		A46561C629C0E0CA0076D86B /* Montserrat-Bold.ttf */ = {isa = PBXFileReference; lastKnownFileType = file; path = "Montserrat-Bold.ttf"; sourceTree = "<group>"; };
		A46561C729C0E0CA0076D86B /* Montserrat-Medium.ttf */ = {isa = PBXFileReference; lastKnownFileType = file; path = "Montserrat-Medium.ttf"; sourceTree = "<group>"; };
		A46561C829C0E0CA0076D86B /* Montserrat-SemiBold.ttf */ = {isa = PBXFileReference; lastKnownFileType = file; path = "Montserrat-SemiBold.ttf"; sourceTree = "<group>"; };
		A46561CE29C0FC8A0076D86B /* ProfileCellModel.swift */ = {isa = PBXFileReference; lastKnownFileType = sourcecode.swift; path = ProfileCellModel.swift; sourceTree = "<group>"; };
		A46C476429CC61590071DFCA /* UISearchBar + Extensions.swift */ = {isa = PBXFileReference; lastKnownFileType = sourcecode.swift; path = "UISearchBar + Extensions.swift"; sourceTree = "<group>"; };
		A47C9C3E29C0A763001B15E8 /* UINavigationController + Extensions.swift */ = {isa = PBXFileReference; lastKnownFileType = sourcecode.swift; path = "UINavigationController + Extensions.swift"; sourceTree = "<group>"; };
		A47C9C4029C0A98F001B15E8 /* MainTabBarController.swift */ = {isa = PBXFileReference; lastKnownFileType = sourcecode.swift; path = MainTabBarController.swift; sourceTree = "<group>"; };
		A47C9C4329C0ABEF001B15E8 /* HomeViewController.swift */ = {isa = PBXFileReference; lastKnownFileType = sourcecode.swift; path = HomeViewController.swift; sourceTree = "<group>"; };
		A47C9C4629C0AC0B001B15E8 /* HomeViewModel.swift */ = {isa = PBXFileReference; lastKnownFileType = sourcecode.swift; path = HomeViewModel.swift; sourceTree = "<group>"; };
		A47C9C4929C0AC25001B15E8 /* ProfileViewController.swift */ = {isa = PBXFileReference; lastKnownFileType = sourcecode.swift; path = ProfileViewController.swift; sourceTree = "<group>"; };
		A47C9C4B29C0AC2F001B15E8 /* ProfileViewModel.swift */ = {isa = PBXFileReference; lastKnownFileType = sourcecode.swift; path = ProfileViewModel.swift; sourceTree = "<group>"; };
		A4AF0A6829CA336800D41B3B /* DetailsLargeCell.swift */ = {isa = PBXFileReference; lastKnownFileType = sourcecode.swift; path = DetailsLargeCell.swift; sourceTree = "<group>"; };
		A4D2CC7A29C39C6900FAEBC2 /* AppCoordinator.swift */ = {isa = PBXFileReference; lastKnownFileType = sourcecode.swift; path = AppCoordinator.swift; sourceTree = "<group>"; };
		A4DF15BC29C9C81200792628 /* DetailsSmallCell.swift */ = {isa = PBXFileReference; lastKnownFileType = sourcecode.swift; path = DetailsSmallCell.swift; sourceTree = "<group>"; };
		A4E80FD929C2FA65000607B3 /* HomeSection.swift */ = {isa = PBXFileReference; lastKnownFileType = sourcecode.swift; path = HomeSection.swift; sourceTree = "<group>"; };
		A4E80FDB29C329A3000607B3 /* UITabBar + Extensions.swift */ = {isa = PBXFileReference; lastKnownFileType = sourcecode.swift; path = "UITabBar + Extensions.swift"; sourceTree = "<group>"; };
		A4F8C59D29CB80E0006B8A8B /* ResultsTableViewController.swift */ = {isa = PBXFileReference; lastKnownFileType = sourcecode.swift; path = ResultsTableViewController.swift; sourceTree = "<group>"; };
		A4F8C59F29CB8459006B8A8B /* SearchWords.swift */ = {isa = PBXFileReference; lastKnownFileType = sourcecode.swift; path = SearchWords.swift; sourceTree = "<group>"; };
/* End PBXFileReference section */

/* Begin PBXFrameworksBuildPhase section */
		A459BD6E29BF8DB000DF9B5C /* Frameworks */ = {
			isa = PBXFrameworksBuildPhase;
			buildActionMask = 2147483647;
			files = (
			);
			runOnlyForDeploymentPostprocessing = 0;
		};
/* End PBXFrameworksBuildPhase section */

/* Begin PBXGroup section */
		A400D38D29C5076D006CD855 /* CollectionCellModels */ = {
			isa = PBXGroup;
			children = (
				A45BAB7E29C24CF200DC27CE /* CategoryCellModel.swift */,
				A45BAB6F29C2381100DC27CE /* LatestModel.swift */,
				A45BAB7129C2381E00DC27CE /* FlashSaleModel.swift */,
				A45BAB8129C24DB300DC27CE /* BrandCellModel.swift */,
			);
			path = CollectionCellModels;
			sourceTree = "<group>";
		};
		A400D38E29C50784006CD855 /* TableViewCellModels */ = {
			isa = PBXGroup;
			children = (
				A46561CE29C0FC8A0076D86B /* ProfileCellModel.swift */,
				A400D39329C65A60006CD855 /* ProfileUserCellModel.swift */,
			);
			path = TableViewCellModels;
			sourceTree = "<group>";
		};
		A400D39D29C75C04006CD855 /* FlashSaleDetailsScreen */ = {
			isa = PBXGroup;
			children = (
				A400D39B29C75BFE006CD855 /* FlashSaleDetailsViewController.swift */,
				A400D39E29C75C1F006CD855 /* FlashSaleDetailsViewModel.swift */,
				A412F89029C8E242008C3457 /* FlashSaleSection.swift */,
				A4AF0A6829CA336800D41B3B /* DetailsLargeCell.swift */,
				A4DF15BC29C9C81200792628 /* DetailsSmallCell.swift */,
			);
			path = FlashSaleDetailsScreen;
			sourceTree = "<group>";
		};
		A400D3A229C77EF9006CD855 /* CustomViews */ = {
			isa = PBXGroup;
			children = (
				A400D3A029C77DE8006CD855 /* FavouriteShareView.swift */,
				A400D3A329C78F55006CD855 /* AddToCartView.swift */,
				A400D3A529C79248006CD855 /* AddToCartButton.swift */,
			);
			path = CustomViews;
			sourceTree = "<group>";
		};
		A416BAA529C09AFA009CC4E7 /* Models */ = {
			isa = PBXGroup;
			children = (
				A416BAA229C09AEE009CC4E7 /* User.swift */,
				A400D3A729C7AD2A006CD855 /* FlashSaleDetailsModel.swift */,
				A4F8C59F29CB8459006B8A8B /* SearchWords.swift */,
				A400D38E29C50784006CD855 /* TableViewCellModels */,
				A400D38D29C5076D006CD855 /* CollectionCellModels */,
			);
			path = Models;
			sourceTree = "<group>";
		};
		A459BD6829BF8DB000DF9B5C = {
			isa = PBXGroup;
			children = (
				A459BD7329BF8DB000DF9B5C /* TechTaskOnlineShop */,
				A459BD7229BF8DB000DF9B5C /* Products */,
			);
			sourceTree = "<group>";
		};
		A459BD7229BF8DB000DF9B5C /* Products */ = {
			isa = PBXGroup;
			children = (
				A459BD7129BF8DB000DF9B5C /* TechTaskOnlineShop.app */,
			);
			name = Products;
			sourceTree = "<group>";
		};
		A459BD7329BF8DB000DF9B5C /* TechTaskOnlineShop */ = {
			isa = PBXGroup;
			children = (
				A459BD8829BF8E2300DF9B5C /* Support */,
				A416BAA529C09AFA009CC4E7 /* Models */,
				A459BD8929BF8E3300DF9B5C /* EnterScreen */,
				A47C9C4529C0ABFA001B15E8 /* MainScreen */,
				A459BD8E29BF92B200DF9B5C /* Extensions */,
				A4D2CC7C29C39C7200FAEBC2 /* Coordinators */,
				A45BAB6E29C233DF00DC27CE /* Services */,
				A46561C329C0E0800076D86B /* Fonts */,
				A459BD7D29BF8DB100DF9B5C /* Assets.xcassets */,
				A459BD7F29BF8DB100DF9B5C /* LaunchScreen.storyboard */,
				A459BD8229BF8DB100DF9B5C /* Info.plist */,
			);
			path = TechTaskOnlineShop;
			sourceTree = "<group>";
		};
		A459BD8829BF8E2300DF9B5C /* Support */ = {
			isa = PBXGroup;
			children = (
				A459BD7429BF8DB000DF9B5C /* AppDelegate.swift */,
				A459BD7629BF8DB000DF9B5C /* SceneDelegate.swift */,
			);
			path = Support;
			sourceTree = "<group>";
		};
		A459BD8929BF8E3300DF9B5C /* EnterScreen */ = {
			isa = PBXGroup;
			children = (
				A459BD9A29BFA9C100DF9B5C /* Registration */,
				A459BD9F29BFA9E300DF9B5C /* Authorization */,
			);
			name = EnterScreen;
			sourceTree = "<group>";
		};
		A459BD8E29BF92B200DF9B5C /* Extensions */ = {
			isa = PBXGroup;
			children = (
				A400D3A229C77EF9006CD855 /* CustomViews */,
				A459BD8C29BF92AC00DF9B5C /* UIView + Extensions.swift */,
				A459BD9429BFA31600DF9B5C /* UIColor + Extensions.swift */,
				A416BA7529C08083009CC4E7 /* UITextField + Extensions.swift */,
				A416BA9C29C08921009CC4E7 /* UIFont + Extensions.swift */,
				A47C9C3E29C0A763001B15E8 /* UINavigationController + Extensions.swift */,
				A4E80FDB29C329A3000607B3 /* UITabBar + Extensions.swift */,
				A46C476429CC61590071DFCA /* UISearchBar + Extensions.swift */,
				A416BAA029C097AB009CC4E7 /* Constants.swift */,
			);
			path = Extensions;
			sourceTree = "<group>";
		};
		A459BD9A29BFA9C100DF9B5C /* Registration */ = {
			isa = PBXGroup;
			children = (
				A459BD7829BF8DB000DF9B5C /* RegistrationViewController.swift */,
				A459BD8A29BF8E5A00DF9B5C /* RegistrationViewModel.swift */,
			);
			name = Registration;
			sourceTree = "<group>";
		};
		A459BD9F29BFA9E300DF9B5C /* Authorization */ = {
			isa = PBXGroup;
			children = (
				A459BD9B29BFA9D800DF9B5C /* LoginViewController.swift */,
				A459BD9D29BFA9E000DF9B5C /* LoginViewModel.swift */,
			);
			name = Authorization;
			sourceTree = "<group>";
		};
		A45BAB6E29C233DF00DC27CE /* Services */ = {
			isa = PBXGroup;
			children = (
				A45BAB6C29C233D500DC27CE /* NetworkManager.swift */,
				A446A0A529C43BC90022B8F6 /* UserDefaultsManager.swift */,
				A400D39929C74468006CD855 /* ImageManager.swift */,
			);
			path = Services;
			sourceTree = "<group>";
		};
		A45BAB7529C24A0A00DC27CE /* Cells */ = {
			isa = PBXGroup;
			children = (
				A45BAB7329C24A0600DC27CE /* CategoryCell.swift */,
				A45BAB7629C24A1900DC27CE /* LatestCell.swift */,
				A45BAB7829C24A2200DC27CE /* FlashSaleCell.swift */,
				A45BAB7A29C24A2A00DC27CE /* BrandCell.swift */,
				A45BAB7C29C24A5400DC27CE /* HeaderSupplementaryView.swift */,
			);
			path = Cells;
			sourceTree = "<group>";
		};
		A46561C329C0E0800076D86B /* Fonts */ = {
			isa = PBXGroup;
			children = (
				A46561C629C0E0CA0076D86B /* Montserrat-Bold.ttf */,
				A46561C429C0E0CA0076D86B /* Montserrat-Light.ttf */,
				A46561C729C0E0CA0076D86B /* Montserrat-Medium.ttf */,
				A46561C529C0E0CA0076D86B /* Montserrat-Regular.ttf */,
				A46561C829C0E0CA0076D86B /* Montserrat-SemiBold.ttf */,
			);
			path = Fonts;
			sourceTree = "<group>";
		};
		A47C9C4229C0ABC3001B15E8 /* MainTabBar */ = {
			isa = PBXGroup;
			children = (
				A47C9C4029C0A98F001B15E8 /* MainTabBarController.swift */,
				A47C9C4829C0AC12001B15E8 /* HomeScreen */,
				A47C9C4D29C0AC33001B15E8 /* ProfileScreen */,
			);
			path = MainTabBar;
			sourceTree = "<group>";
		};
		A47C9C4529C0ABFA001B15E8 /* MainScreen */ = {
			isa = PBXGroup;
			children = (
				A47C9C4229C0ABC3001B15E8 /* MainTabBar */,
			);
			path = MainScreen;
			sourceTree = "<group>";
		};
		A47C9C4829C0AC12001B15E8 /* HomeScreen */ = {
			isa = PBXGroup;
			children = (
				A47C9C4329C0ABEF001B15E8 /* HomeViewController.swift */,
				A47C9C4629C0AC0B001B15E8 /* HomeViewModel.swift */,
				A4E80FD929C2FA65000607B3 /* HomeSection.swift */,
				A4F8C59D29CB80E0006B8A8B /* ResultsTableViewController.swift */,
				A45BAB7529C24A0A00DC27CE /* Cells */,
				A400D39D29C75C04006CD855 /* FlashSaleDetailsScreen */,
			);
			path = HomeScreen;
			sourceTree = "<group>";
		};
		A47C9C4D29C0AC33001B15E8 /* ProfileScreen */ = {
			isa = PBXGroup;
			children = (
				A47C9C4929C0AC25001B15E8 /* ProfileViewController.swift */,
				A47C9C4B29C0AC2F001B15E8 /* ProfileViewModel.swift */,
				A400D38F29C507B6006CD855 /* ProfileUserCell.swift */,
				A400D39129C507D0006CD855 /* ProfileUploadItemCell.swift */,
				A46561BD29C0DF130076D86B /* ProfileCell.swift */,
			);
			path = ProfileScreen;
			sourceTree = "<group>";
		};
		A4D2CC7C29C39C7200FAEBC2 /* Coordinators */ = {
			isa = PBXGroup;
			children = (
				A4D2CC7A29C39C6900FAEBC2 /* AppCoordinator.swift */,
				A446A0A729C45B9E0022B8F6 /* AuthCoordinator.swift */,
				A446A0A929C45BAA0022B8F6 /* MainCoordinator.swift */,
				A446A0AB29C47BFE0022B8F6 /* HomeCoordinator.swift */,
				A446A0AD29C47C050022B8F6 /* ProfileCoordinator.swift */,
			);
			path = Coordinators;
			sourceTree = "<group>";
		};
/* End PBXGroup section */

/* Begin PBXNativeTarget section */
		A459BD7029BF8DB000DF9B5C /* TechTaskOnlineShop */ = {
			isa = PBXNativeTarget;
			buildConfigurationList = A459BD8529BF8DB100DF9B5C /* Build configuration list for PBXNativeTarget "TechTaskOnlineShop" */;
			buildPhases = (
				A459BD6D29BF8DB000DF9B5C /* Sources */,
				A459BD6E29BF8DB000DF9B5C /* Frameworks */,
				A459BD6F29BF8DB000DF9B5C /* Resources */,
			);
			buildRules = (
			);
			dependencies = (
			);
			name = TechTaskOnlineShop;
			productName = TechTaskOnlineShop;
			productReference = A459BD7129BF8DB000DF9B5C /* TechTaskOnlineShop.app */;
			productType = "com.apple.product-type.application";
		};
/* End PBXNativeTarget section */

/* Begin PBXProject section */
		A459BD6929BF8DB000DF9B5C /* Project object */ = {
			isa = PBXProject;
			attributes = {
				BuildIndependentTargetsInParallel = 1;
				LastSwiftUpdateCheck = 1420;
				LastUpgradeCheck = 1420;
				TargetAttributes = {
					A459BD7029BF8DB000DF9B5C = {
						CreatedOnToolsVersion = 14.2;
					};
				};
			};
			buildConfigurationList = A459BD6C29BF8DB000DF9B5C /* Build configuration list for PBXProject "TechTaskOnlineShop" */;
			compatibilityVersion = "Xcode 14.0";
			developmentRegion = en;
			hasScannedForEncodings = 0;
			knownRegions = (
				en,
				Base,
			);
			mainGroup = A459BD6829BF8DB000DF9B5C;
			productRefGroup = A459BD7229BF8DB000DF9B5C /* Products */;
			projectDirPath = "";
			projectRoot = "";
			targets = (
				A459BD7029BF8DB000DF9B5C /* TechTaskOnlineShop */,
			);
		};
/* End PBXProject section */

/* Begin PBXResourcesBuildPhase section */
		A459BD6F29BF8DB000DF9B5C /* Resources */ = {
			isa = PBXResourcesBuildPhase;
			buildActionMask = 2147483647;
			files = (
				A46561CB29C0E0CA0076D86B /* Montserrat-Bold.ttf in Resources */,
				A46561CA29C0E0CA0076D86B /* Montserrat-Regular.ttf in Resources */,
				A46561C929C0E0CA0076D86B /* Montserrat-Light.ttf in Resources */,
				A46561CD29C0E0CA0076D86B /* Montserrat-SemiBold.ttf in Resources */,
				A459BD8129BF8DB100DF9B5C /* LaunchScreen.storyboard in Resources */,
				A46561CC29C0E0CA0076D86B /* Montserrat-Medium.ttf in Resources */,
				A459BD7E29BF8DB100DF9B5C /* Assets.xcassets in Resources */,
			);
			runOnlyForDeploymentPostprocessing = 0;
		};
/* End PBXResourcesBuildPhase section */

/* Begin PBXSourcesBuildPhase section */
		A459BD6D29BF8DB000DF9B5C /* Sources */ = {
			isa = PBXSourcesBuildPhase;
			buildActionMask = 2147483647;
			files = (
				A45BAB7F29C24CF200DC27CE /* CategoryCellModel.swift in Sources */,
				A400D39029C507B6006CD855 /* ProfileUserCell.swift in Sources */,
				A416BA7629C08083009CC4E7 /* UITextField + Extensions.swift in Sources */,
				A416BAA129C097AB009CC4E7 /* Constants.swift in Sources */,
				A459BD8D29BF92AC00DF9B5C /* UIView + Extensions.swift in Sources */,
				A45BAB7929C24A2200DC27CE /* FlashSaleCell.swift in Sources */,
				A400D39A29C74468006CD855 /* ImageManager.swift in Sources */,
				A45BAB6D29C233D500DC27CE /* NetworkManager.swift in Sources */,
				A47C9C4729C0AC0B001B15E8 /* HomeViewModel.swift in Sources */,
				A46C476529CC61590071DFCA /* UISearchBar + Extensions.swift in Sources */,
				A446A0AE29C47C050022B8F6 /* ProfileCoordinator.swift in Sources */,
				A446A0AC29C47BFE0022B8F6 /* HomeCoordinator.swift in Sources */,
				A4D2CC7B29C39C6900FAEBC2 /* AppCoordinator.swift in Sources */,
				A45BAB8229C24DB300DC27CE /* BrandCellModel.swift in Sources */,
				A416BA9D29C08921009CC4E7 /* UIFont + Extensions.swift in Sources */,
				A459BD8B29BF8E5A00DF9B5C /* RegistrationViewModel.swift in Sources */,
				A412F89129C8E242008C3457 /* FlashSaleSection.swift in Sources */,
				A47C9C4429C0ABEF001B15E8 /* HomeViewController.swift in Sources */,
				A45BAB7D29C24A5400DC27CE /* HeaderSupplementaryView.swift in Sources */,
				A446A0A629C43BC90022B8F6 /* UserDefaultsManager.swift in Sources */,
				A459BD7929BF8DB000DF9B5C /* RegistrationViewController.swift in Sources */,
				A47C9C3F29C0A763001B15E8 /* UINavigationController + Extensions.swift in Sources */,
				A47C9C4A29C0AC25001B15E8 /* ProfileViewController.swift in Sources */,
				A400D3A829C7AD2A006CD855 /* FlashSaleDetailsModel.swift in Sources */,
				A4AF0A6929CA336800D41B3B /* DetailsLargeCell.swift in Sources */,
				A446A0A829C45B9E0022B8F6 /* AuthCoordinator.swift in Sources */,
				A45BAB7429C24A0600DC27CE /* CategoryCell.swift in Sources */,
				A459BD9C29BFA9D800DF9B5C /* LoginViewController.swift in Sources */,
				A400D39C29C75BFE006CD855 /* FlashSaleDetailsViewController.swift in Sources */,
				A45BAB7B29C24A2A00DC27CE /* BrandCell.swift in Sources */,
				A4E80FDA29C2FA65000607B3 /* HomeSection.swift in Sources */,
				A47C9C4C29C0AC2F001B15E8 /* ProfileViewModel.swift in Sources */,
				A45BAB7029C2381100DC27CE /* LatestModel.swift in Sources */,
				A45BAB7229C2381E00DC27CE /* FlashSaleModel.swift in Sources */,
				A400D3A629C79248006CD855 /* AddToCartButton.swift in Sources */,
				A459BD9E29BFA9E000DF9B5C /* LoginViewModel.swift in Sources */,
				A4DF15BD29C9C81200792628 /* DetailsSmallCell.swift in Sources */,
				A416BAA329C09AEE009CC4E7 /* User.swift in Sources */,
				A47C9C4129C0A98F001B15E8 /* MainTabBarController.swift in Sources */,
				A46561BE29C0DF130076D86B /* ProfileCell.swift in Sources */,
				A4F8C5A029CB8459006B8A8B /* SearchWords.swift in Sources */,
				A45BAB7729C24A1900DC27CE /* LatestCell.swift in Sources */,
				A400D39429C65A60006CD855 /* ProfileUserCellModel.swift in Sources */,
				A4F8C59E29CB80E0006B8A8B /* ResultsTableViewController.swift in Sources */,
				A400D39F29C75C1F006CD855 /* FlashSaleDetailsViewModel.swift in Sources */,
				A4E80FDC29C329A3000607B3 /* UITabBar + Extensions.swift in Sources */,
				A446A0AA29C45BAA0022B8F6 /* MainCoordinator.swift in Sources */,
				A400D3A129C77DE8006CD855 /* FavouriteShareView.swift in Sources */,
				A400D39229C507D0006CD855 /* ProfileUploadItemCell.swift in Sources */,
				A459BD9529BFA31600DF9B5C /* UIColor + Extensions.swift in Sources */,
				A459BD7529BF8DB000DF9B5C /* AppDelegate.swift in Sources */,
				A459BD7729BF8DB000DF9B5C /* SceneDelegate.swift in Sources */,
				A46561CF29C0FC8A0076D86B /* ProfileCellModel.swift in Sources */,
				A400D3A429C78F55006CD855 /* AddToCartView.swift in Sources */,
			);
			runOnlyForDeploymentPostprocessing = 0;
		};
/* End PBXSourcesBuildPhase section */

/* Begin PBXVariantGroup section */
		A459BD7F29BF8DB100DF9B5C /* LaunchScreen.storyboard */ = {
			isa = PBXVariantGroup;
			children = (
				A459BD8029BF8DB100DF9B5C /* Base */,
			);
			name = LaunchScreen.storyboard;
			sourceTree = "<group>";
		};
/* End PBXVariantGroup section */

/* Begin XCBuildConfiguration section */
		A459BD8329BF8DB100DF9B5C /* Debug */ = {
			isa = XCBuildConfiguration;
			buildSettings = {
				ALWAYS_SEARCH_USER_PATHS = NO;
				CLANG_ANALYZER_NONNULL = YES;
				CLANG_ANALYZER_NUMBER_OBJECT_CONVERSION = YES_AGGRESSIVE;
				CLANG_CXX_LANGUAGE_STANDARD = "gnu++20";
				CLANG_ENABLE_MODULES = YES;
				CLANG_ENABLE_OBJC_ARC = YES;
				CLANG_ENABLE_OBJC_WEAK = YES;
				CLANG_WARN_BLOCK_CAPTURE_AUTORELEASING = YES;
				CLANG_WARN_BOOL_CONVERSION = YES;
				CLANG_WARN_COMMA = YES;
				CLANG_WARN_CONSTANT_CONVERSION = YES;
				CLANG_WARN_DEPRECATED_OBJC_IMPLEMENTATIONS = YES;
				CLANG_WARN_DIRECT_OBJC_ISA_USAGE = YES_ERROR;
				CLANG_WARN_DOCUMENTATION_COMMENTS = YES;
				CLANG_WARN_EMPTY_BODY = YES;
				CLANG_WARN_ENUM_CONVERSION = YES;
				CLANG_WARN_INFINITE_RECURSION = YES;
				CLANG_WARN_INT_CONVERSION = YES;
				CLANG_WARN_NON_LITERAL_NULL_CONVERSION = YES;
				CLANG_WARN_OBJC_IMPLICIT_RETAIN_SELF = YES;
				CLANG_WARN_OBJC_LITERAL_CONVERSION = YES;
				CLANG_WARN_OBJC_ROOT_CLASS = YES_ERROR;
				CLANG_WARN_QUOTED_INCLUDE_IN_FRAMEWORK_HEADER = YES;
				CLANG_WARN_RANGE_LOOP_ANALYSIS = YES;
				CLANG_WARN_STRICT_PROTOTYPES = YES;
				CLANG_WARN_SUSPICIOUS_MOVE = YES;
				CLANG_WARN_UNGUARDED_AVAILABILITY = YES_AGGRESSIVE;
				CLANG_WARN_UNREACHABLE_CODE = YES;
				CLANG_WARN__DUPLICATE_METHOD_MATCH = YES;
				COPY_PHASE_STRIP = NO;
				DEBUG_INFORMATION_FORMAT = dwarf;
				ENABLE_STRICT_OBJC_MSGSEND = YES;
				ENABLE_TESTABILITY = YES;
				GCC_C_LANGUAGE_STANDARD = gnu11;
				GCC_DYNAMIC_NO_PIC = NO;
				GCC_NO_COMMON_BLOCKS = YES;
				GCC_OPTIMIZATION_LEVEL = 0;
				GCC_PREPROCESSOR_DEFINITIONS = (
					"DEBUG=1",
					"$(inherited)",
				);
				GCC_WARN_64_TO_32_BIT_CONVERSION = YES;
				GCC_WARN_ABOUT_RETURN_TYPE = YES_ERROR;
				GCC_WARN_UNDECLARED_SELECTOR = YES;
				GCC_WARN_UNINITIALIZED_AUTOS = YES_AGGRESSIVE;
				GCC_WARN_UNUSED_FUNCTION = YES;
				GCC_WARN_UNUSED_VARIABLE = YES;
				IPHONEOS_DEPLOYMENT_TARGET = 16.2;
				MTL_ENABLE_DEBUG_INFO = INCLUDE_SOURCE;
				MTL_FAST_MATH = YES;
				ONLY_ACTIVE_ARCH = YES;
				SDKROOT = iphoneos;
				SWIFT_ACTIVE_COMPILATION_CONDITIONS = DEBUG;
				SWIFT_OPTIMIZATION_LEVEL = "-Onone";
			};
			name = Debug;
		};
		A459BD8429BF8DB100DF9B5C /* Release */ = {
			isa = XCBuildConfiguration;
			buildSettings = {
				ALWAYS_SEARCH_USER_PATHS = NO;
				CLANG_ANALYZER_NONNULL = YES;
				CLANG_ANALYZER_NUMBER_OBJECT_CONVERSION = YES_AGGRESSIVE;
				CLANG_CXX_LANGUAGE_STANDARD = "gnu++20";
				CLANG_ENABLE_MODULES = YES;
				CLANG_ENABLE_OBJC_ARC = YES;
				CLANG_ENABLE_OBJC_WEAK = YES;
				CLANG_WARN_BLOCK_CAPTURE_AUTORELEASING = YES;
				CLANG_WARN_BOOL_CONVERSION = YES;
				CLANG_WARN_COMMA = YES;
				CLANG_WARN_CONSTANT_CONVERSION = YES;
				CLANG_WARN_DEPRECATED_OBJC_IMPLEMENTATIONS = YES;
				CLANG_WARN_DIRECT_OBJC_ISA_USAGE = YES_ERROR;
				CLANG_WARN_DOCUMENTATION_COMMENTS = YES;
				CLANG_WARN_EMPTY_BODY = YES;
				CLANG_WARN_ENUM_CONVERSION = YES;
				CLANG_WARN_INFINITE_RECURSION = YES;
				CLANG_WARN_INT_CONVERSION = YES;
				CLANG_WARN_NON_LITERAL_NULL_CONVERSION = YES;
				CLANG_WARN_OBJC_IMPLICIT_RETAIN_SELF = YES;
				CLANG_WARN_OBJC_LITERAL_CONVERSION = YES;
				CLANG_WARN_OBJC_ROOT_CLASS = YES_ERROR;
				CLANG_WARN_QUOTED_INCLUDE_IN_FRAMEWORK_HEADER = YES;
				CLANG_WARN_RANGE_LOOP_ANALYSIS = YES;
				CLANG_WARN_STRICT_PROTOTYPES = YES;
				CLANG_WARN_SUSPICIOUS_MOVE = YES;
				CLANG_WARN_UNGUARDED_AVAILABILITY = YES_AGGRESSIVE;
				CLANG_WARN_UNREACHABLE_CODE = YES;
				CLANG_WARN__DUPLICATE_METHOD_MATCH = YES;
				COPY_PHASE_STRIP = NO;
				DEBUG_INFORMATION_FORMAT = "dwarf-with-dsym";
				ENABLE_NS_ASSERTIONS = NO;
				ENABLE_STRICT_OBJC_MSGSEND = YES;
				GCC_C_LANGUAGE_STANDARD = gnu11;
				GCC_NO_COMMON_BLOCKS = YES;
				GCC_WARN_64_TO_32_BIT_CONVERSION = YES;
				GCC_WARN_ABOUT_RETURN_TYPE = YES_ERROR;
				GCC_WARN_UNDECLARED_SELECTOR = YES;
				GCC_WARN_UNINITIALIZED_AUTOS = YES_AGGRESSIVE;
				GCC_WARN_UNUSED_FUNCTION = YES;
				GCC_WARN_UNUSED_VARIABLE = YES;
				IPHONEOS_DEPLOYMENT_TARGET = 16.2;
				MTL_ENABLE_DEBUG_INFO = NO;
				MTL_FAST_MATH = YES;
				SDKROOT = iphoneos;
				SWIFT_COMPILATION_MODE = wholemodule;
				SWIFT_OPTIMIZATION_LEVEL = "-O";
				VALIDATE_PRODUCT = YES;
			};
			name = Release;
		};
		A459BD8629BF8DB100DF9B5C /* Debug */ = {
			isa = XCBuildConfiguration;
			buildSettings = {
				ASSETCATALOG_COMPILER_APPICON_NAME = AppIcon;
				ASSETCATALOG_COMPILER_GLOBAL_ACCENT_COLOR_NAME = AccentColor;
				CODE_SIGN_STYLE = Automatic;
				CURRENT_PROJECT_VERSION = 1;
				DEVELOPMENT_TEAM = QK4FM8H5KR;
				GENERATE_INFOPLIST_FILE = YES;
				INFOPLIST_FILE = TechTaskOnlineShop/Info.plist;
				INFOPLIST_KEY_UIApplicationSupportsIndirectInputEvents = YES;
				INFOPLIST_KEY_UILaunchStoryboardName = LaunchScreen;
				INFOPLIST_KEY_UISupportedInterfaceOrientations_iPad = "UIInterfaceOrientationPortrait UIInterfaceOrientationPortraitUpsideDown UIInterfaceOrientationLandscapeLeft UIInterfaceOrientationLandscapeRight";
				INFOPLIST_KEY_UISupportedInterfaceOrientations_iPhone = "UIInterfaceOrientationPortrait UIInterfaceOrientationLandscapeLeft UIInterfaceOrientationLandscapeRight";
				IPHONEOS_DEPLOYMENT_TARGET = 14.0;
				LD_RUNPATH_SEARCH_PATHS = (
					"$(inherited)",
					"@executable_path/Frameworks",
				);
				MARKETING_VERSION = 1.0;
				PRODUCT_BUNDLE_IDENTIFIER = None.TechTaskOnlineShop;
				PRODUCT_NAME = "$(TARGET_NAME)";
				SWIFT_EMIT_LOC_STRINGS = YES;
				SWIFT_VERSION = 5.0;
				TARGETED_DEVICE_FAMILY = "1,2";
			};
			name = Debug;
		};
		A459BD8729BF8DB100DF9B5C /* Release */ = {
			isa = XCBuildConfiguration;
			buildSettings = {
				ASSETCATALOG_COMPILER_APPICON_NAME = AppIcon;
				ASSETCATALOG_COMPILER_GLOBAL_ACCENT_COLOR_NAME = AccentColor;
				CODE_SIGN_STYLE = Automatic;
				CURRENT_PROJECT_VERSION = 1;
				DEVELOPMENT_TEAM = QK4FM8H5KR;
				GENERATE_INFOPLIST_FILE = YES;
				INFOPLIST_FILE = TechTaskOnlineShop/Info.plist;
				INFOPLIST_KEY_UIApplicationSupportsIndirectInputEvents = YES;
				INFOPLIST_KEY_UILaunchStoryboardName = LaunchScreen;
				INFOPLIST_KEY_UISupportedInterfaceOrientations_iPad = "UIInterfaceOrientationPortrait UIInterfaceOrientationPortraitUpsideDown UIInterfaceOrientationLandscapeLeft UIInterfaceOrientationLandscapeRight";
				INFOPLIST_KEY_UISupportedInterfaceOrientations_iPhone = "UIInterfaceOrientationPortrait UIInterfaceOrientationLandscapeLeft UIInterfaceOrientationLandscapeRight";
				IPHONEOS_DEPLOYMENT_TARGET = 14.0;
				LD_RUNPATH_SEARCH_PATHS = (
					"$(inherited)",
					"@executable_path/Frameworks",
				);
				MARKETING_VERSION = 1.0;
				PRODUCT_BUNDLE_IDENTIFIER = None.TechTaskOnlineShop;
				PRODUCT_NAME = "$(TARGET_NAME)";
				SWIFT_EMIT_LOC_STRINGS = YES;
				SWIFT_VERSION = 5.0;
				TARGETED_DEVICE_FAMILY = "1,2";
			};
			name = Release;
		};
/* End XCBuildConfiguration section */

/* Begin XCConfigurationList section */
		A459BD6C29BF8DB000DF9B5C /* Build configuration list for PBXProject "TechTaskOnlineShop" */ = {
			isa = XCConfigurationList;
			buildConfigurations = (
				A459BD8329BF8DB100DF9B5C /* Debug */,
				A459BD8429BF8DB100DF9B5C /* Release */,
			);
			defaultConfigurationIsVisible = 0;
			defaultConfigurationName = Release;
		};
		A459BD8529BF8DB100DF9B5C /* Build configuration list for PBXNativeTarget "TechTaskOnlineShop" */ = {
			isa = XCConfigurationList;
			buildConfigurations = (
				A459BD8629BF8DB100DF9B5C /* Debug */,
				A459BD8729BF8DB100DF9B5C /* Release */,
			);
			defaultConfigurationIsVisible = 0;
			defaultConfigurationName = Release;
		};
/* End XCConfigurationList section */
	};
	rootObject = A459BD6929BF8DB000DF9B5C /* Project object */;
}
